
Microsoft Visual Studio Solution File, Format Version 12.00
Project("{2150E333-8FDC-42A3-9474-1A3956D46DE8}") = "src", "src", "{419A6ACE-0419-4315-A6FB-B0E63D39432E}"
	ProjectSection(SolutionItems) = preProject
		src\README.md = src\README.md
	EndProjectSection
EndProject
Project("{9A19103F-16F7-4668-BE54-9A1E7A4F7556}") = "Erp.Infrastructure", "src\Erp.Infrastructure\Erp.Infrastructure.csproj", "{FD73FBBA-758E-42B3-9636-7D54BF1ACC03}"
EndProject
Project("{FAE04EC0-301F-11D3-BF4B-00C04F79EFBC}") = "Erp.Api", "src\Erp.Api\Erp.Api.csproj", "{C4B673A4-A2F2-4D83-A3C3-318B5460FCB9}"
EndProject
Project("{FAE04EC0-301F-11D3-BF4B-00C04F79EFBC}") = "Erp.Core", "src\Erp.Core\Erp.Core.csproj", "{E7D08896-286E-4BCA-BF89-02ABA5692E0B}"
EndProject
Project("{FAE04EC0-301F-11D3-BF4B-00C04F79EFBC}") = "Erp.Data", "src\Erp.Data\Erp.Data.csproj", "{E01FFA51-AABF-48CF-B33B-7B8C1B150D50}"
EndProject
Global
	GlobalSection(SolutionConfigurationPlatforms) = preSolution
		Debug|Any CPU = Debug|Any CPU
		Release|Any CPU = Release|Any CPU
	EndGlobalSection
	GlobalSection(NestedProjects) = preSolution
		{74B5E786-D740-4F68-B52B-FCBB22745125} = {419A6ACE-0419-4315-A6FB-B0E63D39432E}
		{78A72815-E719-4787-9CD4-DBEDD3E04507} = {419A6ACE-0419-4315-A6FB-B0E63D39432E}
		{FD73FBBA-758E-42B3-9636-7D54BF1ACC03} = {419A6ACE-0419-4315-A6FB-B0E63D39432E}
		{988D84BA-B9A3-4923-A90D-0CD1D4FECD22} = {15EA4737-125B-4E6E-A806-E13B7EBCDCCF}
		{A5EC8A85-883D-4708-9677-644A8C13DFE9} = {15EA4737-125B-4E6E-A806-E13B7EBCDCCF}
		{ACED012A-488A-4DB6-B46B-547D810D519D} = {15EA4737-125B-4E6E-A806-E13B7EBCDCCF}
		{FD73FBBA-758E-42B3-9636-7D54BF1ACC30} = {419A6ACE-0419-4315-A6FB-B0E63D39432E}
		{C4B673A4-A2F2-4D83-A3C3-318B5460FCB9} = {419A6ACE-0419-4315-A6FB-B0E63D39432E}
		{E7D08896-286E-4BCA-BF89-02ABA5692E0B} = {419A6ACE-0419-4315-A6FB-B0E63D39432E}
		{E01FFA51-AABF-48CF-B33B-7B8C1B150D50} = {419A6ACE-0419-4315-A6FB-B0E63D39432E}
	EndGlobalSection
	GlobalSection(ProjectConfigurationPlatforms) = postSolution
		{FD73FBBA-758E-42B3-9636-7D54BF1ACC03}.Debug|Any CPU.ActiveCfg = Debug|Any CPU
		{FD73FBBA-758E-42B3-9636-7D54BF1ACC03}.Debug|Any CPU.Build.0 = Debug|Any CPU
		{C4B673A4-A2F2-4D83-A3C3-318B5460FCB9}.Debug|Any CPU.ActiveCfg = Debug|Any CPU
		{C4B673A4-A2F2-4D83-A3C3-318B5460FCB9}.Debug|Any CPU.Build.0 = Debug|Any CPU
		{C4B673A4-A2F2-4D83-A3C3-318B5460FCB9}.Release|Any CPU.ActiveCfg = Release|Any CPU
		{C4B673A4-A2F2-4D83-A3C3-318B5460FCB9}.Release|Any CPU.Build.0 = Release|Any CPU
		{E7D08896-286E-4BCA-BF89-02ABA5692E0B}.Debug|Any CPU.ActiveCfg = Debug|Any CPU
		{E7D08896-286E-4BCA-BF89-02ABA5692E0B}.Debug|Any CPU.Build.0 = Debug|Any CPU
		{E7D08896-286E-4BCA-BF89-02ABA5692E0B}.Release|Any CPU.ActiveCfg = Release|Any CPU
		{E7D08896-286E-4BCA-BF89-02ABA5692E0B}.Release|Any CPU.Build.0 = Release|Any CPU
		{E01FFA51-AABF-48CF-B33B-7B8C1B150D50}.Debug|Any CPU.ActiveCfg = Debug|Any CPU
		{E01FFA51-AABF-48CF-B33B-7B8C1B150D50}.Debug|Any CPU.Build.0 = Debug|Any CPU
		{E01FFA51-AABF-48CF-B33B-7B8C1B150D50}.Release|Any CPU.ActiveCfg = Release|Any CPU
		{E01FFA51-AABF-48CF-B33B-7B8C1B150D50}.Release|Any CPU.Build.0 = Release|Any CPU
	EndGlobalSection
EndGlobal
